
Microsoft Visual Studio Solution File, Format Version 12.00
# Visual Studio 2012
VisualStudioVersion = 12.0.31101.0
MinimumVisualStudioVersion = 10.0.40219.1
Project("{2150E333-8FDC-42A3-9474-1A3956D46DE8}") = ".paket", ".paket", "{43F527E5-F0C5-4B22-BADA-5D8B0665F851}"
	ProjectSection(SolutionItems) = preProject
		..\paket.dependencies = ..\paket.dependencies
	EndProjectSection
EndProject
Project("{FAE04EC0-301F-11D3-BF4B-00C04F79EFBC}") = "With", "With\With.csproj", "{E0894165-7345-4AF4-B477-CA21AB0344F5}"
EndProject
Project("{FAE04EC0-301F-11D3-BF4B-00C04F79EFBC}") = "Tests", "Tests\Tests.csproj", "{13DE9623-6D2D-45EA-B837-85D6729994BD}"
EndProject
Project("{FAE04EC0-301F-11D3-BF4B-00C04F79EFBC}") = "TestsCore", "Tests\TestsCore.xproj", "{2118c243-7a03-458e-a4e9-c9131b5ff32d}"
EndProject
Project("{FAE04EC0-301F-11D3-BF4B-00C04F79EFBC}") = "Timing", "Timing\Timing.csproj", "{7DDC70FD-7DA6-473B-8779-528442DC497D}"
EndProject
Project("{F2A71F9B-5D33-465A-A702-920D77279786}") = "WithFs", "WithFs\WithFs.fsproj", "{6D3E8E1E-AAD5-4842-90AC-234DD5FA221F}"
EndProject
Project("{8BB2217D-0F2D-49D1-97BC-3654ED321F3B}") = "WithCore", "With\WithCore.xproj", "{EDEBE135-652E-46B5-B40C-324667863DAA}"
EndProject
Global
	GlobalSection(SolutionConfigurationPlatforms) = preSolution
		Debug|Any CPU = Debug|Any CPU
		Release|Any CPU = Release|Any CPU
	EndGlobalSection
	GlobalSection(ProjectConfigurationPlatforms) = postSolution
		{13DE9623-6D2D-45EA-B837-85D6729994BD}.Debug|Any CPU.ActiveCfg = Debug|Any CPU
		{13DE9623-6D2D-45EA-B837-85D6729994BD}.Debug|Any CPU.Build.0 = Debug|Any CPU
		{13DE9623-6D2D-45EA-B837-85D6729994BD}.Release|Any CPU.ActiveCfg = Release|Any CPU
		{13DE9623-6D2D-45EA-B837-85D6729994BD}.Release|Any CPU.Build.0 = Release|Any CPU
		{2118c243-7a03-458e-a4e9-c9131b5ff32d}.Debug|Any CPU.ActiveCfg = Debug|Any CPU
		{2118c243-7a03-458e-a4e9-c9131b5ff32d}.Debug|Any CPU.Build.0 = Debug|Any CPU
		{2118c243-7a03-458e-a4e9-c9131b5ff32d}.Release|Any CPU.ActiveCfg = Release|Any CPU
		{2118c243-7a03-458e-a4e9-c9131b5ff32d}.Release|Any CPU.Build.0 = Release|Any CPU
		{6D3E8E1E-AAD5-4842-90AC-234DD5FA221F}.Debug|Any CPU.ActiveCfg = Debug|Any CPU
		{6D3E8E1E-AAD5-4842-90AC-234DD5FA221F}.Debug|Any CPU.Build.0 = Debug|Any CPU
		{6D3E8E1E-AAD5-4842-90AC-234DD5FA221F}.Release|Any CPU.ActiveCfg = Release|Any CPU
		{6D3E8E1E-AAD5-4842-90AC-234DD5FA221F}.Release|Any CPU.Build.0 = Release|Any CPU
		{7DDC70FD-7DA6-473B-8779-528442DC497D}.Debug|Any CPU.ActiveCfg = Debug|Any CPU
		{7DDC70FD-7DA6-473B-8779-528442DC497D}.Debug|Any CPU.Build.0 = Debug|Any CPU
		{7DDC70FD-7DA6-473B-8779-528442DC497D}.Release|Any CPU.ActiveCfg = Release|Any CPU
		{7DDC70FD-7DA6-473B-8779-528442DC497D}.Release|Any CPU.Build.0 = Release|Any CPU
		{E0894165-7345-4AF4-B477-CA21AB0344F5}.Debug|Any CPU.ActiveCfg = Debug|Any CPU
		{E0894165-7345-4AF4-B477-CA21AB0344F5}.Debug|Any CPU.Build.0 = Debug|Any CPU
		{E0894165-7345-4AF4-B477-CA21AB0344F5}.Release|Any CPU.ActiveCfg = Release|Any CPU
		{E0894165-7345-4AF4-B477-CA21AB0344F5}.Release|Any CPU.Build.0 = Release|Any CPU
		{EDEBE135-652E-46B5-B40C-324667863DAA}.Debug|Any CPU.ActiveCfg = Debug|Any CPU
		{EDEBE135-652E-46B5-B40C-324667863DAA}.Debug|Any CPU.Build.0 = Debug|Any CPU
		{EDEBE135-652E-46B5-B40C-324667863DAA}.Release|Any CPU.ActiveCfg = Release|Any CPU
		{EDEBE135-652E-46B5-B40C-324667863DAA}.Release|Any CPU.Build.0 = Release|Any CPU
	EndGlobalSection
	GlobalSection(NestedProjects) = preSolution
	EndGlobalSection
	GlobalSection(MonoDevelopProperties) = preSolution
		Policies = $0
		$0.TextStylePolicy = $1
		$1.inheritsSet = VisualStudio
		$1.inheritsScope = text/plain
		$1.scope = text/x-csharp
		$0.CSharpFormattingPolicy = $2
		$2.IndentSwitchBody = True
		$2.IndentBlocksInsideExpressions = True
		$2.AnonymousMethodBraceStyle = NextLine
		$2.PropertyBraceStyle = NextLine
		$2.PropertyGetBraceStyle = NextLine
		$2.PropertySetBraceStyle = NextLine
		$2.EventBraceStyle = NextLine
		$2.EventAddBraceStyle = NextLine
		$2.EventRemoveBraceStyle = NextLine
		$2.StatementBraceStyle = NextLine
		$2.ElseNewLinePlacement = NewLine
		$2.CatchNewLinePlacement = NewLine
		$2.FinallyNewLinePlacement = NewLine
		$2.WhileNewLinePlacement = DoNotCare
		$2.ArrayInitializerWrapping = DoNotChange
		$2.ArrayInitializerBraceStyle = NextLine
		$2.BeforeMethodDeclarationParentheses = False
		$2.BeforeMethodCallParentheses = False
		$2.BeforeConstructorDeclarationParentheses = False
		$2.NewLineBeforeConstructorInitializerColon = NewLine
		$2.NewLineAfterConstructorInitializerColon = SameLine
		$2.BeforeDelegateDeclarationParentheses = False
		$2.NewParentheses = False
		$2.SpacesBeforeBrackets = False
		$2.inheritsSet = Mono
		$2.inheritsScope = text/x-csharp
		$2.scope = text/x-csharp
		$0.TextStylePolicy = $3
		$3.FileWidth = 120
		$3.TabsToSpaces = False
		$3.inheritsSet = VisualStudio
		$3.inheritsScope = text/plain
		$3.scope = text/plain
	EndGlobalSection
	GlobalSection(SolutionProperties) = preSolution
		HideSolutionNode = FALSE
	EndGlobalSection
EndGlobal
