
Microsoft Visual Studio Solution File, Format Version 12.00
# Visual Studio 2013
VisualStudioVersion = 12.0.30723.0
MinimumVisualStudioVersion = 10.0.40219.1
Project("{FAE04EC0-301F-11D3-BF4B-00C04F79EFBC}") = "With", "With\With.csproj", "{E0894165-7345-4AF4-B477-CA21AB0344F5}"
EndProject
Project("{FAE04EC0-301F-11D3-BF4B-00C04F79EFBC}") = "Tests", "Tests\Tests.csproj", "{13DE9623-6D2D-45EA-B837-85D6729994BD}"
EndProject
Project("{2150E333-8FDC-42A3-9474-1A3956D46DE8}") = ".nuget", ".nuget", "{0345395C-95FF-4A54-91C1-08B369812B9A}"
	ProjectSection(SolutionItems) = preProject
		.nuget\NuGet.Config = .nuget\NuGet.Config
		.nuget\NuGet.exe = .nuget\NuGet.exe
		.nuget\NuGet.targets = .nuget\NuGet.targets
		.nuget\packages.config = .nuget\packages.config
	EndProjectSection
EndProject
Project("{FAE04EC0-301F-11D3-BF4B-00C04F79EFBC}") = "Timing", "Timing\Timing.csproj", "{7DDC70FD-7DA6-473B-8779-528442DC497D}"
EndProject
Global
	GlobalSection(SolutionConfigurationPlatforms) = preSolution
		Debug|Any CPU = Debug|Any CPU
		Release|Any CPU = Release|Any CPU
	EndGlobalSection
	GlobalSection(ProjectConfigurationPlatforms) = postSolution
		{E0894165-7345-4AF4-B477-CA21AB0344F5}.Debug|Any CPU.ActiveCfg = Debug|Any CPU
		{E0894165-7345-4AF4-B477-CA21AB0344F5}.Debug|Any CPU.Build.0 = Debug|Any CPU
		{E0894165-7345-4AF4-B477-CA21AB0344F5}.Release|Any CPU.ActiveCfg = Release|Any CPU
		{E0894165-7345-4AF4-B477-CA21AB0344F5}.Release|Any CPU.Build.0 = Release|Any CPU
		{13DE9623-6D2D-45EA-B837-85D6729994BD}.Debug|Any CPU.ActiveCfg = Debug|Any CPU
		{13DE9623-6D2D-45EA-B837-85D6729994BD}.Debug|Any CPU.Build.0 = Debug|Any CPU
		{13DE9623-6D2D-45EA-B837-85D6729994BD}.Release|Any CPU.ActiveCfg = Release|Any CPU
		{13DE9623-6D2D-45EA-B837-85D6729994BD}.Release|Any CPU.Build.0 = Release|Any CPU
		{7DDC70FD-7DA6-473B-8779-528442DC497D}.Debug|Any CPU.ActiveCfg = Debug|Any CPU
		{7DDC70FD-7DA6-473B-8779-528442DC497D}.Debug|Any CPU.Build.0 = Debug|Any CPU
		{7DDC70FD-7DA6-473B-8779-528442DC497D}.Release|Any CPU.ActiveCfg = Release|Any CPU
		{7DDC70FD-7DA6-473B-8779-528442DC497D}.Release|Any CPU.Build.0 = Release|Any CPU
	EndGlobalSection
	GlobalSection(SolutionProperties) = preSolution
		HideSolutionNode = FALSE
	EndGlobalSection
	GlobalSection(MonoDevelopProperties) = preSolution
		StartupItem = With\With.csproj
	EndGlobalSection
EndGlobal
